
Microsoft Visual Studio Solution File, Format Version 12.00
# Visual Studio 2013
VisualStudioVersion = 12.0.21005.1
MinimumVisualStudioVersion = 10.0.40219.1
Project("{8BC9CEB8-8B4A-11D0-8D11-00A0C91BC942}") = "Import", "Import\Import.vcxproj", "{78977CFB-08FD-4BEB-B790-2751D4709AD5}"
	ProjectSection(ProjectDependencies) = postProject
		{A986141E-3FA1-42E1-A865-6EEF5AB6A1A9} = {A986141E-3FA1-42E1-A865-6EEF5AB6A1A9}
	EndProjectSection
EndProject
Project("{8BC9CEB8-8B4A-11D0-8D11-00A0C91BC942}") = "DataStore", "Datastore\Datastore.vcxproj", "{A986141E-3FA1-42E1-A865-6EEF5AB6A1A9}"
EndProject
Project("{8BC9CEB8-8B4A-11D0-8D11-00A0C91BC942}") = "Tests", "tests\tests.vcxproj", "{E0F48A6A-03B4-402B-ABA3-1CDA1BE39D44}"
EndProject
Project("{8BC9CEB8-8B4A-11D0-8D11-00A0C91BC942}") = "Resource", "..\lib\resource\ideprojects\Resource\Resource\vs2013\Resource\Resource.vcxproj", "{D0BAF4E7-CF7F-4ADB-A5ED-0D91141E0E1B}"
EndProject
Global
	GlobalSection(SolutionConfigurationPlatforms) = preSolution
		Debug|Win32 = Debug|Win32
		Release|Win32 = Release|Win32
	EndGlobalSection
	GlobalSection(ProjectConfigurationPlatforms) = postSolution
		{78977CFB-08FD-4BEB-B790-2751D4709AD5}.Debug|Win32.ActiveCfg = Debug|Win32
		{78977CFB-08FD-4BEB-B790-2751D4709AD5}.Debug|Win32.Build.0 = Debug|Win32
		{78977CFB-08FD-4BEB-B790-2751D4709AD5}.Release|Win32.ActiveCfg = Release|Win32
		{78977CFB-08FD-4BEB-B790-2751D4709AD5}.Release|Win32.Build.0 = Release|Win32
		{A986141E-3FA1-42E1-A865-6EEF5AB6A1A9}.Debug|Win32.ActiveCfg = Debug|Win32
		{A986141E-3FA1-42E1-A865-6EEF5AB6A1A9}.Debug|Win32.Build.0 = Debug|Win32
		{A986141E-3FA1-42E1-A865-6EEF5AB6A1A9}.Release|Win32.ActiveCfg = Release|Win32
		{A986141E-3FA1-42E1-A865-6EEF5AB6A1A9}.Release|Win32.Build.0 = Release|Win32
		{E0F48A6A-03B4-402B-ABA3-1CDA1BE39D44}.Debug|Win32.ActiveCfg = Debug|Win32
		{E0F48A6A-03B4-402B-ABA3-1CDA1BE39D44}.Debug|Win32.Build.0 = Debug|Win32
		{E0F48A6A-03B4-402B-ABA3-1CDA1BE39D44}.Release|Win32.ActiveCfg = Release|Win32
		{E0F48A6A-03B4-402B-ABA3-1CDA1BE39D44}.Release|Win32.Build.0 = Release|Win32
		{D0BAF4E7-CF7F-4ADB-A5ED-0D91141E0E1B}.Debug|Win32.ActiveCfg = Debug|Win32
		{D0BAF4E7-CF7F-4ADB-A5ED-0D91141E0E1B}.Debug|Win32.Build.0 = Debug|Win32
		{D0BAF4E7-CF7F-4ADB-A5ED-0D91141E0E1B}.Release|Win32.ActiveCfg = Release|Win32
		{D0BAF4E7-CF7F-4ADB-A5ED-0D91141E0E1B}.Release|Win32.Build.0 = Release|Win32
	EndGlobalSection
	GlobalSection(SolutionProperties) = preSolution
		HideSolutionNode = FALSE
	EndGlobalSection
EndGlobal
